# THIS IS AN AUTOGENERATED FILE. DO NOT EDIT THIS FILE DIRECTLY.
# yarn lockfile v1


wxa-plugin-canvas@^1.1.11:
  version "1.1.11"
  resolved "https://registry.npm.taobao.org/wxa-plugin-canvas/download/wxa-plugin-canvas-1.1.11.tgz#ec6b7219ae83411674a26b8918c276e7a88a8190"
  integrity sha1-7GtyGa6DQRZ0omuJGMJ256iKgZA=
